
Microsoft Visual Studio Solution File, Format Version 12.00
# Visual Studio 15
VisualStudioVersion = 15.0.28010.2046
MinimumVisualStudioVersion = 10.0.40219.1
Project("{FAE04EC0-301F-11D3-BF4B-00C04F79EFBC}") = "TitanDemo", "TitanDemo\TitanDemo.csproj", "{3BF012C8-5BC8-43CB-B079-0255E5644FC8}"
EndProject
Project("{E53339B2-1760-4266-BCC7-CA923CBCF16C}") = "docker-compose", "docker-compose.dcproj", "{897D63D4-26A3-4736-B6CA-0E9320048DEC}"
EndProject
Global
	GlobalSection(SolutionConfigurationPlatforms) = preSolution
		Debug|Any CPU = Debug|Any CPU
		Release|Any CPU = Release|Any CPU
	EndGlobalSection
	GlobalSection(ProjectConfigurationPlatforms) = postSolution
		{3BF012C8-5BC8-43CB-B079-0255E5644FC8}.Debug|Any CPU.ActiveCfg = Debug|Any CPU
		{3BF012C8-5BC8-43CB-B079-0255E5644FC8}.Debug|Any CPU.Build.0 = Debug|Any CPU
		{3BF012C8-5BC8-43CB-B079-0255E5644FC8}.Release|Any CPU.ActiveCfg = Release|Any CPU
		{3BF012C8-5BC8-43CB-B079-0255E5644FC8}.Release|Any CPU.Build.0 = Release|Any CPU
		{897D63D4-26A3-4736-B6CA-0E9320048DEC}.Debug|Any CPU.ActiveCfg = Debug|Any CPU
		{897D63D4-26A3-4736-B6CA-0E9320048DEC}.Debug|Any CPU.Build.0 = Debug|Any CPU
		{897D63D4-26A3-4736-B6CA-0E9320048DEC}.Release|Any CPU.ActiveCfg = Release|Any CPU
		{897D63D4-26A3-4736-B6CA-0E9320048DEC}.Release|Any CPU.Build.0 = Release|Any CPU
	EndGlobalSection
	GlobalSection(SolutionProperties) = preSolution
		HideSolutionNode = FALSE
	EndGlobalSection
	GlobalSection(ExtensibilityGlobals) = postSolution
		SolutionGuid = {75DB02B3-F19A-4FF8-B200-86FF2DD2FF54}
	EndGlobalSection
EndGlobal
